// !$*UTF8*$!
{
	archiveVersion = 1;
	classes = {
	};
	objectVersion = 46;
	objects = {

/* Begin PBXBuildFile section */
		863C053F1E205E1A006ECEE7 /* AppDelegate.swift in Sources */ = {isa = PBXBuildFile; fileRef = 863C053E1E205E1A006ECEE7 /* AppDelegate.swift */; };
		863C05441E205E1A006ECEE7 /* Main.storyboard in Resources */ = {isa = PBXBuildFile; fileRef = 863C05421E205E1A006ECEE7 /* Main.storyboard */; };
		863C05461E205E1A006ECEE7 /* Assets.xcassets in Resources */ = {isa = PBXBuildFile; fileRef = 863C05451E205E1A006ECEE7 /* Assets.xcassets */; };
		863C05491E205E1A006ECEE7 /* LaunchScreen.storyboard in Resources */ = {isa = PBXBuildFile; fileRef = 863C05471E205E1A006ECEE7 /* LaunchScreen.storyboard */; };
		864AE5771E21B922008C1C86 /* ProjectsTableViewController.swift in Sources */ = {isa = PBXBuildFile; fileRef = 864AE5761E21B922008C1C86 /* ProjectsTableViewController.swift */; };
		864AE5811E21C2FE008C1C86 /* Project.swift in Sources */ = {isa = PBXBuildFile; fileRef = 864AE5801E21C2FE008C1C86 /* Project.swift */; };
		864AE5851E22A852008C1C86 /* ProjectPage.swift in Sources */ = {isa = PBXBuildFile; fileRef = 864AE5841E22A852008C1C86 /* ProjectPage.swift */; };
		864AE5891E22A9B3008C1C86 /* ProjectPageImage.swift in Sources */ = {isa = PBXBuildFile; fileRef = 864AE5881E22A9B3008C1C86 /* ProjectPageImage.swift */; };
		86629A4E1E29B26000FD1C71 /* ProjectPageData.swift in Sources */ = {isa = PBXBuildFile; fileRef = 86629A4D1E29B26000FD1C71 /* ProjectPageData.swift */; };
		86C067471E2716890068BD2A /* PageViewController.swift in Sources */ = {isa = PBXBuildFile; fileRef = 86C067461E2716890068BD2A /* PageViewController.swift */; };
		86CDE9A31E286D8000A2830D /* ProjectData.swift in Sources */ = {isa = PBXBuildFile; fileRef = 86CDE9A21E286D8000A2830D /* ProjectData.swift */; };
		86CFEC301E2711900072262E /* ProjectDetailsTableViewController.swift in Sources */ = {isa = PBXBuildFile; fileRef = 86CFEC2F1E2711900072262E /* ProjectDetailsTableViewController.swift */; };
		86F129B31E2AA32500387FCB /* ActivityAlertViewController.swift in Sources */ = {isa = PBXBuildFile; fileRef = 86F129B11E2AA32500387FCB /* ActivityAlertViewController.swift */; };
/* End PBXBuildFile section */

/* Begin PBXFileReference section */
		863C053B1E205E1A006ECEE7 /* berrysigner.app */ = {isa = PBXFileReference; explicitFileType = wrapper.application; includeInIndex = 0; path = berrysigner.app; sourceTree = BUILT_PRODUCTS_DIR; };
		863C053E1E205E1A006ECEE7 /* AppDelegate.swift */ = {isa = PBXFileReference; lastKnownFileType = sourcecode.swift; path = AppDelegate.swift; sourceTree = "<group>"; };
		863C05431E205E1A006ECEE7 /* Base */ = {isa = PBXFileReference; lastKnownFileType = file.storyboard; name = Base; path = Base.lproj/Main.storyboard; sourceTree = "<group>"; };
		863C05451E205E1A006ECEE7 /* Assets.xcassets */ = {isa = PBXFileReference; lastKnownFileType = folder.assetcatalog; path = Assets.xcassets; sourceTree = "<group>"; };
		863C05481E205E1A006ECEE7 /* Base */ = {isa = PBXFileReference; lastKnownFileType = file.storyboard; name = Base; path = Base.lproj/LaunchScreen.storyboard; sourceTree = "<group>"; };
		863C054A1E205E1A006ECEE7 /* Info.plist */ = {isa = PBXFileReference; lastKnownFileType = text.plist.xml; path = Info.plist; sourceTree = "<group>"; };
		864AE5721E212D15008C1C86 /* berrysigner.entitlements */ = {isa = PBXFileReference; lastKnownFileType = text.plist.entitlements; path = berrysigner.entitlements; sourceTree = "<group>"; };
		864AE5761E21B922008C1C86 /* ProjectsTableViewController.swift */ = {isa = PBXFileReference; fileEncoding = 4; lastKnownFileType = sourcecode.swift; path = ProjectsTableViewController.swift; sourceTree = "<group>"; };
		864AE5801E21C2FE008C1C86 /* Project.swift */ = {isa = PBXFileReference; fileEncoding = 4; lastKnownFileType = sourcecode.swift; path = Project.swift; sourceTree = "<group>"; };
		864AE5841E22A852008C1C86 /* ProjectPage.swift */ = {isa = PBXFileReference; fileEncoding = 4; lastKnownFileType = sourcecode.swift; path = ProjectPage.swift; sourceTree = "<group>"; };
		864AE5881E22A9B3008C1C86 /* ProjectPageImage.swift */ = {isa = PBXFileReference; fileEncoding = 4; lastKnownFileType = sourcecode.swift; path = ProjectPageImage.swift; sourceTree = "<group>"; };
		86629A4D1E29B26000FD1C71 /* ProjectPageData.swift */ = {isa = PBXFileReference; fileEncoding = 4; lastKnownFileType = sourcecode.swift; path = ProjectPageData.swift; sourceTree = "<group>"; };
		86C067461E2716890068BD2A /* PageViewController.swift */ = {isa = PBXFileReference; fileEncoding = 4; lastKnownFileType = sourcecode.swift; path = PageViewController.swift; sourceTree = "<group>"; };
		86CDE9A21E286D8000A2830D /* ProjectData.swift */ = {isa = PBXFileReference; fileEncoding = 4; lastKnownFileType = sourcecode.swift; path = ProjectData.swift; sourceTree = "<group>"; };
		86CFEC2F1E2711900072262E /* ProjectDetailsTableViewController.swift */ = {isa = PBXFileReference; fileEncoding = 4; lastKnownFileType = sourcecode.swift; path = ProjectDetailsTableViewController.swift; sourceTree = "<group>"; };
		86F129B11E2AA32500387FCB /* ActivityAlertViewController.swift */ = {isa = PBXFileReference; fileEncoding = 4; lastKnownFileType = sourcecode.swift; name = ActivityAlertViewController.swift; path = ../ActivityAlertViewController.swift; sourceTree = "<group>"; };
/* End PBXFileReference section */

/* Begin PBXFrameworksBuildPhase section */
		863C05381E205E19006ECEE7 /* Frameworks */ = {
			isa = PBXFrameworksBuildPhase;
			buildActionMask = 2147483647;
			files = (
			);
			runOnlyForDeploymentPostprocessing = 0;
		};
/* End PBXFrameworksBuildPhase section */

/* Begin PBXGroup section */
		863C05321E205E19006ECEE7 = {
			isa = PBXGroup;
			children = (
				863C053D1E205E1A006ECEE7 /* berrysigner */,
				863C053C1E205E1A006ECEE7 /* Products */,
				864AE5731E212D26008C1C86 /* Frameworks */,
			);
			sourceTree = "<group>";
		};
		863C053C1E205E1A006ECEE7 /* Products */ = {
			isa = PBXGroup;
			children = (
				863C053B1E205E1A006ECEE7 /* berrysigner.app */,
			);
			name = Products;
			sourceTree = "<group>";
		};
		863C053D1E205E1A006ECEE7 /* berrysigner */ = {
			isa = PBXGroup;
			children = (
				864AE5721E212D15008C1C86 /* berrysigner.entitlements */,
				863C054A1E205E1A006ECEE7 /* Info.plist */,
				863C053E1E205E1A006ECEE7 /* AppDelegate.swift */,
				863C05451E205E1A006ECEE7 /* Assets.xcassets */,
				86C067441E27159A0068BD2A /* Controllers */,
				86C067451E2715AF0068BD2A /* Documents */,
				863C05471E205E1A006ECEE7 /* LaunchScreen.storyboard */,
				863C05421E205E1A006ECEE7 /* Main.storyboard */,
			);
			path = berrysigner;
			sourceTree = "<group>";
		};
		864AE5731E212D26008C1C86 /* Frameworks */ = {
			isa = PBXGroup;
			children = (
			);
			name = Frameworks;
			sourceTree = "<group>";
		};
		86C067441E27159A0068BD2A /* Controllers */ = {
			isa = PBXGroup;
			children = (
				86F129B11E2AA32500387FCB /* ActivityAlertViewController.swift */,
				86CFEC2F1E2711900072262E /* ProjectDetailsTableViewController.swift */,
				864AE5761E21B922008C1C86 /* ProjectsTableViewController.swift */,
				86C067461E2716890068BD2A /* PageViewController.swift */,
			);
			name = Controllers;
			sourceTree = "<group>";
		};
		86C067451E2715AF0068BD2A /* Documents */ = {
			isa = PBXGroup;
			children = (
				864AE5881E22A9B3008C1C86 /* ProjectPageImage.swift */,
				864AE5841E22A852008C1C86 /* ProjectPage.swift */,
				864AE5801E21C2FE008C1C86 /* Project.swift */,
				86CDE9A21E286D8000A2830D /* ProjectData.swift */,
				86629A4D1E29B26000FD1C71 /* ProjectPageData.swift */,
			);
			name = Documents;
			sourceTree = "<group>";
		};
/* End PBXGroup section */

/* Begin PBXNativeTarget section */
		863C053A1E205E19006ECEE7 /* berrysigner */ = {
			isa = PBXNativeTarget;
			buildConfigurationList = 863C054D1E205E1A006ECEE7 /* Build configuration list for PBXNativeTarget "berrysigner" */;
			buildPhases = (
				863C05371E205E19006ECEE7 /* Sources */,
				863C05381E205E19006ECEE7 /* Frameworks */,
				863C05391E205E19006ECEE7 /* Resources */,
			);
			buildRules = (
			);
			dependencies = (
			);
			name = berrysigner;
			productName = berrysigner;
			productReference = 863C053B1E205E1A006ECEE7 /* berrysigner.app */;
			productType = "com.apple.product-type.application";
		};
/* End PBXNativeTarget section */

/* Begin PBXProject section */
		863C05331E205E19006ECEE7 /* Project object */ = {
			isa = PBXProject;
			attributes = {
				LastSwiftUpdateCheck = 0820;
				LastUpgradeCheck = 0820;
				ORGANIZATIONNAME = "Maciej Gibas";
				TargetAttributes = {
					863C053A1E205E19006ECEE7 = {
						CreatedOnToolsVersion = 8.2.1;
						DevelopmentTeam = K4GRY7UP44;
						ProvisioningStyle = Automatic;
						SystemCapabilities = {
							com.apple.Push = {
								enabled = 0;
							};
							com.apple.iCloud = {
								enabled = 1;
							};
						};
					};
				};
			};
			buildConfigurationList = 863C05361E205E19006ECEE7 /* Build configuration list for PBXProject "berrysigner" */;
			compatibilityVersion = "Xcode 3.2";
			developmentRegion = English;
			hasScannedForEncodings = 0;
			knownRegions = (
				en,
				Base,
			);
			mainGroup = 863C05321E205E19006ECEE7;
			productRefGroup = 863C053C1E205E1A006ECEE7 /* Products */;
			projectDirPath = "";
			projectRoot = "";
			targets = (
				863C053A1E205E19006ECEE7 /* berrysigner */,
			);
		};
/* End PBXProject section */

/* Begin PBXResourcesBuildPhase section */
		863C05391E205E19006ECEE7 /* Resources */ = {
			isa = PBXResourcesBuildPhase;
			buildActionMask = 2147483647;
			files = (
				863C05491E205E1A006ECEE7 /* LaunchScreen.storyboard in Resources */,
				863C05461E205E1A006ECEE7 /* Assets.xcassets in Resources */,
				863C05441E205E1A006ECEE7 /* Main.storyboard in Resources */,
			);
			runOnlyForDeploymentPostprocessing = 0;
		};
/* End PBXResourcesBuildPhase section */

/* Begin PBXSourcesBuildPhase section */
		863C05371E205E19006ECEE7 /* Sources */ = {
			isa = PBXSourcesBuildPhase;
			buildActionMask = 2147483647;
			files = (
				863C053F1E205E1A006ECEE7 /* AppDelegate.swift in Sources */,
				86C067471E2716890068BD2A /* PageViewController.swift in Sources */,
				864AE5851E22A852008C1C86 /* ProjectPage.swift in Sources */,
				864AE5811E21C2FE008C1C86 /* Project.swift in Sources */,
				864AE5771E21B922008C1C86 /* ProjectsTableViewController.swift in Sources */,
				86CDE9A31E286D8000A2830D /* ProjectData.swift in Sources */,
				86CFEC301E2711900072262E /* ProjectDetailsTableViewController.swift in Sources */,
				864AE5891E22A9B3008C1C86 /* ProjectPageImage.swift in Sources */,
				86629A4E1E29B26000FD1C71 /* ProjectPageData.swift in Sources */,
				86F129B31E2AA32500387FCB /* ActivityAlertViewController.swift in Sources */,
			);
			runOnlyForDeploymentPostprocessing = 0;
		};
/* End PBXSourcesBuildPhase section */

/* Begin PBXVariantGroup section */
		863C05421E205E1A006ECEE7 /* Main.storyboard */ = {
			isa = PBXVariantGroup;
			children = (
				863C05431E205E1A006ECEE7 /* Base */,
			);
			name = Main.storyboard;
			sourceTree = "<group>";
		};
		863C05471E205E1A006ECEE7 /* LaunchScreen.storyboard */ = {
			isa = PBXVariantGroup;
			children = (
				863C05481E205E1A006ECEE7 /* Base */,
			);
			name = LaunchScreen.storyboard;
			sourceTree = "<group>";
		};
/* End PBXVariantGroup section */

/* Begin XCBuildConfiguration section */
		863C054B1E205E1A006ECEE7 /* Debug */ = {
			isa = XCBuildConfiguration;
			buildSettings = {
				ALWAYS_SEARCH_USER_PATHS = NO;
				CLANG_ANALYZER_NONNULL = YES;
				CLANG_CXX_LANGUAGE_STANDARD = "gnu++0x";
				CLANG_CXX_LIBRARY = "libc++";
				CLANG_ENABLE_MODULES = YES;
				CLANG_ENABLE_OBJC_ARC = YES;
				CLANG_WARN_BOOL_CONVERSION = YES;
				CLANG_WARN_CONSTANT_CONVERSION = YES;
				CLANG_WARN_DIRECT_OBJC_ISA_USAGE = YES_ERROR;
				CLANG_WARN_DOCUMENTATION_COMMENTS = YES;
				CLANG_WARN_EMPTY_BODY = YES;
				CLANG_WARN_ENUM_CONVERSION = YES;
				CLANG_WARN_INFINITE_RECURSION = YES;
				CLANG_WARN_INT_CONVERSION = YES;
				CLANG_WARN_OBJC_ROOT_CLASS = YES_ERROR;
				CLANG_WARN_SUSPICIOUS_MOVE = YES;
				CLANG_WARN_UNREACHABLE_CODE = YES;
				CLANG_WARN__DUPLICATE_METHOD_MATCH = YES;
				"CODE_SIGN_IDENTITY[sdk=iphoneos*]" = "iPhone Developer";
				COPY_PHASE_STRIP = NO;
				DEBUG_INFORMATION_FORMAT = dwarf;
				ENABLE_STRICT_OBJC_MSGSEND = YES;
				ENABLE_TESTABILITY = YES;
				GCC_C_LANGUAGE_STANDARD = gnu99;
				GCC_DYNAMIC_NO_PIC = NO;
				GCC_NO_COMMON_BLOCKS = YES;
				GCC_OPTIMIZATION_LEVEL = 0;
				GCC_PREPROCESSOR_DEFINITIONS = (
					"DEBUG=1",
					"$(inherited)",
				);
				GCC_WARN_64_TO_32_BIT_CONVERSION = YES;
				GCC_WARN_ABOUT_RETURN_TYPE = YES_ERROR;
				GCC_WARN_UNDECLARED_SELECTOR = YES;
				GCC_WARN_UNINITIALIZED_AUTOS = YES_AGGRESSIVE;
				GCC_WARN_UNUSED_FUNCTION = YES;
				GCC_WARN_UNUSED_VARIABLE = YES;
				IPHONEOS_DEPLOYMENT_TARGET = 10.2;
				MTL_ENABLE_DEBUG_INFO = YES;
				ONLY_ACTIVE_ARCH = YES;
				SDKROOT = iphoneos;
				SWIFT_ACTIVE_COMPILATION_CONDITIONS = DEBUG;
				SWIFT_OPTIMIZATION_LEVEL = "-Onone";
				TARGETED_DEVICE_FAMILY = "1,2";
			};
			name = Debug;
		};
		863C054C1E205E1A006ECEE7 /* Release */ = {
			isa = XCBuildConfiguration;
			buildSettings = {
				ALWAYS_SEARCH_USER_PATHS = NO;
				CLANG_ANALYZER_NONNULL = YES;
				CLANG_CXX_LANGUAGE_STANDARD = "gnu++0x";
				CLANG_CXX_LIBRARY = "libc++";
				CLANG_ENABLE_MODULES = YES;
				CLANG_ENABLE_OBJC_ARC = YES;
				CLANG_WARN_BOOL_CONVERSION = YES;
				CLANG_WARN_CONSTANT_CONVERSION = YES;
				CLANG_WARN_DIRECT_OBJC_ISA_USAGE = YES_ERROR;
				CLANG_WARN_DOCUMENTATION_COMMENTS = YES;
				CLANG_WARN_EMPTY_BODY = YES;
				CLANG_WARN_ENUM_CONVERSION = YES;
				CLANG_WARN_INFINITE_RECURSION = YES;
				CLANG_WARN_INT_CONVERSION = YES;
				CLANG_WARN_OBJC_ROOT_CLASS = YES_ERROR;
				CLANG_WARN_SUSPICIOUS_MOVE = YES;
				CLANG_WARN_UNREACHABLE_CODE = YES;
				CLANG_WARN__DUPLICATE_METHOD_MATCH = YES;
				"CODE_SIGN_IDENTITY[sdk=iphoneos*]" = "iPhone Developer";
				COPY_PHASE_STRIP = NO;
				DEBUG_INFORMATION_FORMAT = "dwarf-with-dsym";
				ENABLE_NS_ASSERTIONS = NO;
				ENABLE_STRICT_OBJC_MSGSEND = YES;
				GCC_C_LANGUAGE_STANDARD = gnu99;
				GCC_NO_COMMON_BLOCKS = YES;
				GCC_WARN_64_TO_32_BIT_CONVERSION = YES;
				GCC_WARN_ABOUT_RETURN_TYPE = YES_ERROR;
				GCC_WARN_UNDECLARED_SELECTOR = YES;
				GCC_WARN_UNINITIALIZED_AUTOS = YES_AGGRESSIVE;
				GCC_WARN_UNUSED_FUNCTION = YES;
				GCC_WARN_UNUSED_VARIABLE = YES;
				IPHONEOS_DEPLOYMENT_TARGET = 10.2;
				MTL_ENABLE_DEBUG_INFO = NO;
				SDKROOT = iphoneos;
				SWIFT_OPTIMIZATION_LEVEL = "-Owholemodule";
				TARGETED_DEVICE_FAMILY = "1,2";
				VALIDATE_PRODUCT = YES;
			};
			name = Release;
		};
		863C054E1E205E1A006ECEE7 /* Debug */ = {
			isa = XCBuildConfiguration;
			buildSettings = {
				ASSETCATALOG_COMPILER_APPICON_NAME = AppIcon;
				CODE_SIGN_ENTITLEMENTS = berrysigner/berrysigner.entitlements;
				DEVELOPMENT_TEAM = K4GRY7UP44;
				INFOPLIST_FILE = berrysigner/Info.plist;
				LD_RUNPATH_SEARCH_PATHS = "$(inherited) @executable_path/Frameworks";
				PRODUCT_BUNDLE_IDENTIFIER = com.jarjarapps.berrysigner;
				PRODUCT_NAME = "$(TARGET_NAME)";
				SWIFT_VERSION = 3.0;
				TARGETED_DEVICE_FAMILY = 2;
			};
			name = Debug;
		};
		863C054F1E205E1A006ECEE7 /* Release */ = {
			isa = XCBuildConfiguration;
			buildSettings = {
				ASSETCATALOG_COMPILER_APPICON_NAME = AppIcon;
				CODE_SIGN_ENTITLEMENTS = berrysigner/berrysigner.entitlements;
				DEVELOPMENT_TEAM = K4GRY7UP44;
				INFOPLIST_FILE = berrysigner/Info.plist;
				LD_RUNPATH_SEARCH_PATHS = "$(inherited) @executable_path/Frameworks";
				PRODUCT_BUNDLE_IDENTIFIER = com.jarjarapps.berrysigner;
				PRODUCT_NAME = "$(TARGET_NAME)";
				SWIFT_VERSION = 3.0;
				TARGETED_DEVICE_FAMILY = 2;
			};
			name = Release;
		};
/* End XCBuildConfiguration section */

/* Begin XCConfigurationList section */
		863C05361E205E19006ECEE7 /* Build configuration list for PBXProject "berrysigner" */ = {
			isa = XCConfigurationList;
			buildConfigurations = (
				863C054B1E205E1A006ECEE7 /* Debug */,
				863C054C1E205E1A006ECEE7 /* Release */,
			);
			defaultConfigurationIsVisible = 0;
			defaultConfigurationName = Release;
		};
		863C054D1E205E1A006ECEE7 /* Build configuration list for PBXNativeTarget "berrysigner" */ = {
			isa = XCConfigurationList;
			buildConfigurations = (
				863C054E1E205E1A006ECEE7 /* Debug */,
				863C054F1E205E1A006ECEE7 /* Release */,
			);
			defaultConfigurationIsVisible = 0;
			defaultConfigurationName = Release;
		};
/* End XCConfigurationList section */
	};
	rootObject = 863C05331E205E19006ECEE7 /* Project object */;
}
